
Microsoft Visual Studio Solution File, Format Version 12.00
# Visual Studio 14
VisualStudioVersion = 14.0.25420.1
MinimumVisualStudioVersion = 10.0.40219.1
Project("{FAE04EC0-301F-11D3-BF4B-00C04F79EFBC}") = "DTORepository", "DTORepository\DTORepository.csproj", "{91E0C751-C3BE-4FBA-843F-702FA2350FB1}"
EndProject
Project("{FAE04EC0-301F-11D3-BF4B-00C04F79EFBC}") = "DTORepositoryTest", "DTORepositoryTest\DTORepositoryTest.csproj", "{16899DFF-58A7-40F0-B4EA-74F3DD7F4314}"
EndProject
Global
	GlobalSection(SolutionConfigurationPlatforms) = preSolution
		Debug|Any CPU = Debug|Any CPU
		Release|Any CPU = Release|Any CPU
	EndGlobalSection
	GlobalSection(ProjectConfigurationPlatforms) = postSolution
		{91E0C751-C3BE-4FBA-843F-702FA2350FB1}.Debug|Any CPU.ActiveCfg = Debug|Any CPU
		{91E0C751-C3BE-4FBA-843F-702FA2350FB1}.Debug|Any CPU.Build.0 = Debug|Any CPU
		{91E0C751-C3BE-4FBA-843F-702FA2350FB1}.Release|Any CPU.ActiveCfg = Release|Any CPU
		{91E0C751-C3BE-4FBA-843F-702FA2350FB1}.Release|Any CPU.Build.0 = Release|Any CPU
		{16899DFF-58A7-40F0-B4EA-74F3DD7F4314}.Debug|Any CPU.ActiveCfg = Debug|Any CPU
		{16899DFF-58A7-40F0-B4EA-74F3DD7F4314}.Debug|Any CPU.Build.0 = Debug|Any CPU
		{16899DFF-58A7-40F0-B4EA-74F3DD7F4314}.Release|Any CPU.ActiveCfg = Release|Any CPU
		{16899DFF-58A7-40F0-B4EA-74F3DD7F4314}.Release|Any CPU.Build.0 = Release|Any CPU
	EndGlobalSection
	GlobalSection(SolutionProperties) = preSolution
		HideSolutionNode = FALSE
	EndGlobalSection
EndGlobal
